
Microsoft Visual Studio Solution File, Format Version 12.00
# Visual Studio 15
VisualStudioVersion = 15.0.27428.2043
MinimumVisualStudioVersion = 10.0.40219.1
Project("{FAE04EC0-301F-11D3-BF4B-00C04F79EFBC}") = "MAVAppBackend", "MAVAppBackend\MAVAppBackend.csproj", "{3D780672-612F-4C29-915E-A3585B863BEB}"
EndProject
Global
	GlobalSection(SolutionConfigurationPlatforms) = preSolution
		Debug|Any CPU = Debug|Any CPU
		Release|Any CPU = Release|Any CPU
	EndGlobalSection
	GlobalSection(ProjectConfigurationPlatforms) = postSolution
		{3D780672-612F-4C29-915E-A3585B863BEB}.Debug|Any CPU.ActiveCfg = Debug|Any CPU
		{3D780672-612F-4C29-915E-A3585B863BEB}.Debug|Any CPU.Build.0 = Debug|Any CPU
		{3D780672-612F-4C29-915E-A3585B863BEB}.Release|Any CPU.ActiveCfg = Release|Any CPU
		{3D780672-612F-4C29-915E-A3585B863BEB}.Release|Any CPU.Build.0 = Release|Any CPU
	EndGlobalSection
	GlobalSection(SolutionProperties) = preSolution
		HideSolutionNode = FALSE
	EndGlobalSection
	GlobalSection(ExtensibilityGlobals) = postSolution
		SolutionGuid = {755B3AA9-F11E-44A7-BE24-5E1BBF55E4F3}
	EndGlobalSection
EndGlobal
